<?xml version="1.0" encoding="utf-8"?>
<Project ToolsVersion="4.0" xmlns="http://schemas.microsoft.com/developer/msbuild/2003">
  <ItemGroup>
    <Filter Include="Source">
      <UniqueIdentifier>{c3580e6c-5cf6-426c-af0b-6d703c65680d}</UniqueIdentifier>
    </Filter>
    <Filter Include="Source\Application">
      <UniqueIdentifier>{1dfe108a-c4da-4609-88c8-e4595f9ba8c4}</UniqueIdentifier>
    </Filter>
    <Filter Include="Source\Framework">
      <UniqueIdentifier>{d73aca6d-b67e-473a-9cdb-9dfa921e9285}</UniqueIdentifier>
    </Filter>
    <Filter Include="Source\Framework\Shader">
      <UniqueIdentifier>{43d65101-ebd5-4ae1-856f-45c68995d268}</UniqueIdentifier>
    </Filter>
    <Filter Include="Source\Framework\Shader\Sprite">
      <UniqueIdentifier>{25215b79-3588-4ff4-a855-f506b41c471f}</UniqueIdentifier>
    </Filter>
    <Filter Include="Source\Framework\Input">
      <UniqueIdentifier>{a4849f6d-ca62-49cc-b385-bb812f1168ac}</UniqueIdentifier>
    </Filter>
    <Filter Include="Source\Framework\Window">
      <UniqueIdentifier>{73931ef0-f64e-4b5f-af46-6dd7072e1b76}</UniqueIdentifier>
    </Filter>
    <Filter Include="Source\Framework\Utility">
      <UniqueIdentifier>{b0192caf-8f51-4130-bdae-2b9459e10216}</UniqueIdentifier>
    </Filter>
    <Filter Include="Library">
      <UniqueIdentifier>{f059ad7b-08b2-47ca-b325-4e9a02f6bc5c}</UniqueIdentifier>
    </Filter>
    <Filter Include="Source\Framework\Shader\Model">
      <UniqueIdentifier>{7aeac5c0-41bd-446c-a5dd-4740886f340f}</UniqueIdentifier>
    </Filter>
    <Filter Include="Source\Framework\Model">
      <UniqueIdentifier>{a3473c29-e625-4bfc-8133-962ed4f324c8}</UniqueIdentifier>
    </Filter>
    <Filter Include="Source\Framework\Audio">
      <UniqueIdentifier>{b880aba7-4fbc-47fd-8800-d9b6d48ea948}</UniqueIdentifier>
    </Filter>
    <Filter Include="Source\Application\Camera">
      <UniqueIdentifier>{6fae8896-2072-4bdc-98e9-b8fb9d715e94}</UniqueIdentifier>
    </Filter>
    <Filter Include="Source\Framework\Shader\Effect">
      <UniqueIdentifier>{827afbf7-612d-4155-af7c-19670b547315}</UniqueIdentifier>
    </Filter>
    <Filter Include="Library\imGui">
      <UniqueIdentifier>{2f7c5625-1415-444e-8aca-3d6b599d9f2d}</UniqueIdentifier>
    </Filter>
    <Filter Include="Source\Framework\Audio\Vender">
      <UniqueIdentifier>{f60a730b-01b4-499e-b350-7557d55f30cc}</UniqueIdentifier>
    </Filter>
    <Filter Include="Source\Framework\Graphics">
      <UniqueIdentifier>{29f0368e-b8dc-4a24-9ce3-dd95075beed7}</UniqueIdentifier>
    </Filter>
    <Filter Include="Source\Framework\Graphics\Camera">
      <UniqueIdentifier>{ebeed093-4dc8-45c4-811f-0d92c625cb23}</UniqueIdentifier>
    </Filter>
    <Filter Include="Source\Application\Actors">
      <UniqueIdentifier>{ac513adc-a8e3-4897-8407-420f75fc3ab2}</UniqueIdentifier>
    </Filter>
    <Filter Include="Library\Effekseer">
      <UniqueIdentifier>{ba4c3405-194c-4b43-ae7e-5cdb1914a309}</UniqueIdentifier>
    </Filter>
    <Filter Include="Source\Framework\Graphics\Effect">
      <UniqueIdentifier>{d9d01096-9c8e-446c-acb1-502026d24ddb}</UniqueIdentifier>
    </Filter>
    <Filter Include="Source\Framework\Input\BasicInput">
      <UniqueIdentifier>{6a0a131c-f2f3-48d7-9f19-3638bb4d2a7f}</UniqueIdentifier>
    </Filter>
    <Filter Include="Source\Framework\Input\RawInput">
      <UniqueIdentifier>{5baa3c36-11bf-449c-9011-e7db5c3f2e57}</UniqueIdentifier>
    </Filter>
    <Filter Include="Source\Framework\Input\XInput">
      <UniqueIdentifier>{e9b34def-f380-4ec3-b85d-a2cab5ac9c0f}</UniqueIdentifier>
    </Filter>
    <Filter Include="Source\Framework\HighLevel">
      <UniqueIdentifier>{499e5c6d-52fb-42fc-b8b9-51143972feda}</UniqueIdentifier>
    </Filter>
    <Filter Include="Source\Framework\Physics">
      <UniqueIdentifier>{784a3f1a-b024-482a-95ef-4000038da077}</UniqueIdentifier>
    </Filter>
    <Filter Include="Source\Framework\Shader\Shadow">
      <UniqueIdentifier>{656c1584-6c28-4319-a4ce-a99487144fee}</UniqueIdentifier>
    </Filter>
    <Filter Include="Source\Framework\Shader\Tree">
      <UniqueIdentifier>{2f648eca-21c6-4a06-be7a-4ce09a7520c9}</UniqueIdentifier>
    </Filter>
    <Filter Include="Source\Framework\Input\DirectInput">
      <UniqueIdentifier>{e4cf18b5-741c-499a-848b-dabc46554da0}</UniqueIdentifier>
    </Filter>
    <Filter Include="Library\json11KdCustom">
      <UniqueIdentifier>{a657f693-16c6-4f55-b7dc-66be5f674b85}</UniqueIdentifier>
    </Filter>
    <Filter Include="Jsons">
      <UniqueIdentifier>{7c6839b1-88b2-48e2-ab01-0c530018280f}</UniqueIdentifier>
    </Filter>
    <Filter Include="Source\Application\Actors\Process">
      <UniqueIdentifier>{34d61980-356a-4fc8-9796-8f12fa744853}</UniqueIdentifier>
    </Filter>
    <Filter Include="Source\Application\Actors\Weapon">
      <UniqueIdentifier>{9f135ff9-28b7-4b0f-94d2-616985dfcc16}</UniqueIdentifier>
    </Filter>
    <Filter Include="Source\Application\Actors\Environment">
      <UniqueIdentifier>{87022db2-72c0-4d73-a998-180bfc09bb77}</UniqueIdentifier>
    </Filter>
  </ItemGroup>
  <ItemGroup>
    <ClCompile Include="Source\Pch.cpp">
      <Filter>Source</Filter>
    </ClCompile>
    <ClCompile Include="Source\Framework\Input\RawInputDevice.cpp">
      <Filter>Source\Framework\Input</Filter>
    </ClCompile>
    <ClCompile Include="Source\Framework\Window\Window.cpp">
      <Filter>Source\Framework\Window</Filter>
    </ClCompile>
    <ClCompile Include="Source\Framework\Utility\FpsTimer.cpp">
      <Filter>Source\Framework\Utility</Filter>
    </ClCompile>
    <ClCompile Include="Source\Framework\Shader\Sprite\SpriteShader.cpp">
      <Filter>Source\Framework\Shader\Sprite</Filter>
    </ClCompile>
    <ClCompile Include="..\Library\gltfLoader\KdGLTFLoader.cpp">
      <Filter>Library</Filter>
    </ClCompile>
    <ClCompile Include="Source\Framework\Shader\Model\ModelShader.cpp">
      <Filter>Source\Framework\Shader\Model</Filter>
    </ClCompile>
    <ClCompile Include="Source\Framework\Model\Animation.cpp">
      <Filter>Source\Framework\Model</Filter>
    </ClCompile>
    <ClCompile Include="Source\Framework\Model\Model.cpp">
      <Filter>Source\Framework\Model</Filter>
    </ClCompile>
    <ClCompile Include="Source\Framework\Shader\ShaderManager.cpp">
      <Filter>Source\Framework\Shader</Filter>
    </ClCompile>
    <ClCompile Include="Source\Application\main.cpp">
      <Filter>Source\Application</Filter>
    </ClCompile>
    <ClCompile Include="Source\Application\GameSystem.cpp">
      <Filter>Source\Application</Filter>
    </ClCompile>
    <ClCompile Include="Source\Framework\Input\XInput.cpp">
      <Filter>Source\Framework\Input</Filter>
    </ClCompile>
    <ClCompile Include="Source\Framework\Utility\Easing.cpp">
      <Filter>Source\Framework\Utility</Filter>
    </ClCompile>
    <ClCompile Include="Source\Framework\Input\Mouse.cpp">
      <Filter>Source\Framework\Input</Filter>
    </ClCompile>
    <ClCompile Include="Source\Framework\Input\Keyboard.cpp">
      <Filter>Source\Framework\Input</Filter>
    </ClCompile>
    <ClCompile Include="Source\Application\Camera\FPSCamera.cpp">
      <Filter>Source\Application\Camera</Filter>
    </ClCompile>
    <ClCompile Include="Source\Application\Camera\TPSCamera.cpp">
      <Filter>Source\Application\Camera</Filter>
    </ClCompile>
    <ClCompile Include="Source\Framework\Model\Mesh.cpp">
      <Filter>Source\Framework\Model</Filter>
    </ClCompile>
    <ClCompile Include="Source\Framework\Shader\Effect\EffectShader.cpp">
      <Filter>Source\Framework\Shader\Effect</Filter>
    </ClCompile>
    <ClCompile Include="..\Library\imGui\imgui.cpp">
      <Filter>Library\imGui</Filter>
    </ClCompile>
    <ClCompile Include="..\Library\imGui\imgui_demo.cpp">
      <Filter>Library\imGui</Filter>
    </ClCompile>
    <ClCompile Include="..\Library\imGui\imgui_draw.cpp">
      <Filter>Library\imGui</Filter>
    </ClCompile>
    <ClCompile Include="..\Library\imGui\imgui_impl_dx11.cpp">
      <Filter>Library\imGui</Filter>
    </ClCompile>
    <ClCompile Include="..\Library\imGui\imgui_impl_win32.cpp">
      <Filter>Library\imGui</Filter>
    </ClCompile>
    <ClCompile Include="..\Library\imGui\imgui_widgets.cpp">
      <Filter>Library\imGui</Filter>
    </ClCompile>
    <ClCompile Include="..\Library\imGui\imgui_tables.cpp">
      <Filter>Library\imGui</Filter>
    </ClCompile>
    <ClCompile Include="Source\Framework\Shader\Shader.cpp">
      <Filter>Source\Framework\Shader</Filter>
    </ClCompile>
    <ClCompile Include="Source\Application\ImGuiSystem.cpp">
      <Filter>Source\Application</Filter>
    </ClCompile>
    <ClCompile Include="Source\Framework\Audio\Vender\WaveBankReader.cpp">
      <Filter>Source\Framework\Audio\Vender</Filter>
    </ClCompile>
    <ClCompile Include="Source\Framework\Audio\Vender\WAVFileReader.cpp">
      <Filter>Source\Framework\Audio\Vender</Filter>
    </ClCompile>
    <ClCompile Include="Source\Framework\Audio\AudioDeviceChild.cpp">
      <Filter>Source\Framework\Audio</Filter>
    </ClCompile>
    <ClCompile Include="Source\Framework\Audio\AudioDevice.cpp">
      <Filter>Source\Framework\Audio</Filter>
    </ClCompile>
    <ClCompile Include="Source\Framework\Audio\Sound.cpp">
      <Filter>Source\Framework\Audio</Filter>
    </ClCompile>
    <ClCompile Include="Source\Framework\Graphics\Buffer.cpp">
      <Filter>Source\Framework\Graphics</Filter>
    </ClCompile>
    <ClCompile Include="Source\Framework\Graphics\GraphicsDeviceChild.cpp">
      <Filter>Source\Framework\Graphics</Filter>
    </ClCompile>
    <ClCompile Include="Source\Framework\Graphics\Renderer.cpp">
      <Filter>Source\Framework\Graphics</Filter>
    </ClCompile>
    <ClCompile Include="Source\Framework\Graphics\Texture.cpp">
      <Filter>Source\Framework\Graphics</Filter>
    </ClCompile>
    <ClCompile Include="Source\Framework\Audio\Sound3D.cpp">
      <Filter>Source\Framework\Audio</Filter>
    </ClCompile>
    <ClCompile Include="Source\Framework\Audio\SoundDirector.cpp">
      <Filter>Source\Framework\Audio</Filter>
    </ClCompile>
    <ClCompile Include="Source\Framework\Graphics\GraphicsDevice.cpp">
      <Filter>Source\Framework\Graphics</Filter>
    </ClCompile>
    <ClCompile Include="Source\Framework\Graphics\Camera\Camera.cpp">
      <Filter>Source\Framework\Graphics\Camera</Filter>
    </ClCompile>
    <ClCompile Include="Source\Application\Actors\Human.cpp">
      <Filter>Source\Application\Actors</Filter>
    </ClCompile>
    <ClCompile Include="Source\Framework\Graphics\Effect\EffekseerDevice.cpp">
      <Filter>Source\Framework\Graphics\Effect</Filter>
    </ClCompile>
    <ClCompile Include="Source\Framework\Graphics\Effect\EffekseerEffect.cpp">
      <Filter>Source\Framework\Graphics\Effect</Filter>
    </ClCompile>
    <ClCompile Include="Source\Framework\Graphics\Effect\EffekseerDeviceChild.cpp">
      <Filter>Source\Framework\Graphics\Effect</Filter>
    </ClCompile>
    <ClCompile Include="Source\Application\Camera\CameraSystem.cpp">
      <Filter>Source\Application\Camera</Filter>
    </ClCompile>
    <ClCompile Include="Source\Framework\Utility\ResourceFactory.cpp">
      <Filter>Source\Framework\Utility</Filter>
    </ClCompile>
    <ClCompile Include="Source\Framework\Input\BasicInput\BasicInput.cpp">
      <Filter>Source\Framework\Input\BasicInput</Filter>
    </ClCompile>
    <ClCompile Include="Source\Framework\Physics\Collision.cpp">
      <Filter>Source\Framework\Physics</Filter>
    </ClCompile>
    <ClCompile Include="Source\Framework\Shader\Shadow\ShadowMapShader.cpp">
      <Filter>Source\Framework\Shader\Shadow</Filter>
    </ClCompile>
    <ClCompile Include="Source\Application\Camera\EditorCamera.cpp">
      <Filter>Source\Application\Camera</Filter>
    </ClCompile>
    <ClCompile Include="Source\Framework\Graphics\RenderTarget.cpp">
      <Filter>Source\Framework\Graphics</Filter>
    </ClCompile>
    <ClCompile Include="Source\Framework\Utility\Utility.cpp">
      <Filter>Source\Framework\Utility</Filter>
    </ClCompile>
    <ClCompile Include="Source\Framework\Input\DirectInput\DirectInputDevice.cpp">
      <Filter>Source\Framework\Input\DirectInput</Filter>
    </ClCompile>
    <ClCompile Include="Source\Framework\Physics\SpatialPartitioning.cpp">
      <Filter>Source\Framework\Physics</Filter>
    </ClCompile>
    <ClCompile Include="..\Library\json11KdCustom\json11.cpp">
      <Filter>Library\json11KdCustom</Filter>
    </ClCompile>
    <ClCompile Include="Source\Application\Actors\Process\TitleProcess.cpp">
      <Filter>Source\Application\Actors\Process</Filter>
    </ClCompile>
    <ClCompile Include="Source\Application\Actors\Process\GameProcess.cpp">
      <Filter>Source\Application\Actors\Process</Filter>
    </ClCompile>
    <ClCompile Include="Source\Application\Actors\Weapon\Tank.cpp">
      <Filter>Source\Application\Actors\Weapon</Filter>
    </ClCompile>
    <ClCompile Include="Source\Application\Actors\Weapon\TankBullet.cpp">
      <Filter>Source\Application\Actors\Weapon</Filter>
    </ClCompile>
    <ClCompile Include="Source\Application\Actors\Weapon\TankParts.cpp">
      <Filter>Source\Application\Actors\Weapon</Filter>
    </ClCompile>
    <ClCompile Include="Source\Application\Actors\Environment\Sky.cpp">
      <Filter>Source\Application\Actors\Environment</Filter>
    </ClCompile>
    <ClCompile Include="Source\Application\Actors\Environment\Tree.cpp">
      <Filter>Source\Application\Actors\Environment</Filter>
    </ClCompile>
    <ClCompile Include="Source\Framework\HighLevel\Actor.cpp">
      <Filter>Source\Framework\HighLevel</Filter>
    </ClCompile>
    <ClCompile Include="Source\Application\Actors\GenerateActor.cpp">
      <Filter>Source\Application\Actors</Filter>
    </ClCompile>
    <ClCompile Include="Source\Framework\HighLevel\Transform.cpp">
      <Filter>Source\Framework\HighLevel</Filter>
    </ClCompile>
    <ClCompile Include="Source\Framework\Graphics\CubeMapGenerator.cpp">
      <Filter>Source\Framework\Graphics</Filter>
    </ClCompile>
  </ItemGroup>
  <ItemGroup>
    <ClInclude Include="Source\Pch.h">
      <Filter>Source</Filter>
    </ClInclude>
    <ClInclude Include="Source\Framework\Framework.h">
      <Filter>Source\Framework</Filter>
    </ClInclude>
    <ClInclude Include="Source\Framework\Window\Window.h">
      <Filter>Source\Framework\Window</Filter>
    </ClInclude>
    <ClInclude Include="Source\Framework\Utility\Utility.h">
      <Filter>Source\Framework\Utility</Filter>
    </ClInclude>
    <ClInclude Include="Source\Framework\Utility\FpsTimer.h">
      <Filter>Source\Framework\Utility</Filter>
    </ClInclude>
    <ClInclude Include="Source\Framework\Utility\Enums.h">
      <Filter>Source\Framework\Utility</Filter>
    </ClInclude>
    <ClInclude Include="Source\Framework\Utility\Timer.h">
      <Filter>Source\Framework\Utility</Filter>
    </ClInclude>
    <ClInclude Include="Source\Framework\Shader\Sprite\SpriteShader.h">
      <Filter>Source\Framework\Shader\Sprite</Filter>
    </ClInclude>
    <ClInclude Include="..\Library\gltfLoader\KdGLTFLoader.h">
      <Filter>Library</Filter>
    </ClInclude>
    <ClInclude Include="Source\Framework\Utility\Cpuid.h">
      <Filter>Source\Framework\Utility</Filter>
    </ClInclude>
    <ClInclude Include="Source\Framework\Shader\Model\ModelShader.h">
      <Filter>Source\Framework\Shader\Model</Filter>
    </ClInclude>
    <ClInclude Include="Source\Framework\Model\Animation.h">
      <Filter>Source\Framework\Model</Filter>
    </ClInclude>
    <ClInclude Include="Source\Framework\Model\Model.h">
      <Filter>Source\Framework\Model</Filter>
    </ClInclude>
    <ClInclude Include="Source\Framework\Shader\ShaderManager.h">
      <Filter>Source\Framework\Shader</Filter>
    </ClInclude>
    <ClInclude Include="Source\Application\main.h">
      <Filter>Source\Application</Filter>
    </ClInclude>
    <ClInclude Include="Source\Application\GameSystem.h">
      <Filter>Source\Application</Filter>
    </ClInclude>
    <ClInclude Include="Source\Framework\Input\RawInputDevice.h">
      <Filter>Source\Framework\Input</Filter>
    </ClInclude>
    <ClInclude Include="Source\Framework\Input\KeyCode.h">
      <Filter>Source\Framework\Input</Filter>
    </ClInclude>
    <ClInclude Include="Source\Framework\Input\XInput.h">
      <Filter>Source\Framework\Input</Filter>
    </ClInclude>
    <ClInclude Include="Source\Framework\Utility\Types.h">
      <Filter>Source\Framework\Utility</Filter>
    </ClInclude>
    <ClInclude Include="Source\Framework\Utility\Easing.h">
      <Filter>Source\Framework\Utility</Filter>
    </ClInclude>
    <ClInclude Include="Source\Framework\Utility\EasingType.h">
      <Filter>Source\Framework\Utility</Filter>
    </ClInclude>
    <ClInclude Include="Source\Framework\Input\Mouse.h">
      <Filter>Source\Framework\Input</Filter>
    </ClInclude>
    <ClInclude Include="Source\Framework\Input\Keyboard.h">
      <Filter>Source\Framework\Input</Filter>
    </ClInclude>
    <ClInclude Include="Source\Application\Camera\FPSCamera.h">
      <Filter>Source\Application\Camera</Filter>
    </ClInclude>
    <ClInclude Include="Source\Application\Camera\TPSCamera.h">
      <Filter>Source\Application\Camera</Filter>
    </ClInclude>
    <ClInclude Include="Source\Framework\Model\Mesh.h">
      <Filter>Source\Framework\Model</Filter>
    </ClInclude>
    <ClInclude Include="Source\Framework\Shader\Effect\EffectShader.h">
      <Filter>Source\Framework\Shader\Effect</Filter>
    </ClInclude>
    <ClInclude Include="..\Library\imGui\imstb_truetype.h">
      <Filter>Library\imGui</Filter>
    </ClInclude>
    <ClInclude Include="..\Library\imGui\imconfig.h">
      <Filter>Library\imGui</Filter>
    </ClInclude>
    <ClInclude Include="..\Library\imGui\imgui.h">
      <Filter>Library\imGui</Filter>
    </ClInclude>
    <ClInclude Include="..\Library\imGui\imgui_impl_dx11.h">
      <Filter>Library\imGui</Filter>
    </ClInclude>
    <ClInclude Include="..\Library\imGui\imgui_impl_win32.h">
      <Filter>Library\imGui</Filter>
    </ClInclude>
    <ClInclude Include="..\Library\imGui\imgui_internal.h">
      <Filter>Library\imGui</Filter>
    </ClInclude>
    <ClInclude Include="..\Library\imGui\imstb_rectpack.h">
      <Filter>Library\imGui</Filter>
    </ClInclude>
    <ClInclude Include="..\Library\imGui\imstb_textedit.h">
      <Filter>Library\imGui</Filter>
    </ClInclude>
    <ClInclude Include="Source\Framework\Shader\Shader.h">
      <Filter>Source\Framework\Shader</Filter>
    </ClInclude>
    <ClInclude Include="Source\Application\ImGuiSystem.h">
      <Filter>Source\Application</Filter>
    </ClInclude>
    <ClInclude Include="Source\Framework\Audio\Vender\WAVFileReader.h">
      <Filter>Source\Framework\Audio\Vender</Filter>
    </ClInclude>
    <ClInclude Include="Source\Framework\Audio\Vender\WaveBankReader.h">
      <Filter>Source\Framework\Audio\Vender</Filter>
    </ClInclude>
    <ClInclude Include="Source\Framework\Audio\AudioDeviceChild.h">
      <Filter>Source\Framework\Audio</Filter>
    </ClInclude>
    <ClInclude Include="Source\Framework\Audio\AudioDevice.h">
      <Filter>Source\Framework\Audio</Filter>
    </ClInclude>
    <ClInclude Include="Source\Framework\Audio\Sound.h">
      <Filter>Source\Framework\Audio</Filter>
    </ClInclude>
    <ClInclude Include="Source\Framework\Graphics\Buffer.h">
      <Filter>Source\Framework\Graphics</Filter>
    </ClInclude>
    <ClInclude Include="Source\Framework\Graphics\GraphicsDeviceChild.h">
      <Filter>Source\Framework\Graphics</Filter>
    </ClInclude>
    <ClInclude Include="Source\Framework\Graphics\Renderer.h">
      <Filter>Source\Framework\Graphics</Filter>
    </ClInclude>
    <ClInclude Include="Source\Framework\Graphics\Texture.h">
      <Filter>Source\Framework\Graphics</Filter>
    </ClInclude>
    <ClInclude Include="Source\Framework\Audio\Sound3D.h">
      <Filter>Source\Framework\Audio</Filter>
    </ClInclude>
    <ClInclude Include="Source\Framework\Audio\SoundDirector.h">
      <Filter>Source\Framework\Audio</Filter>
    </ClInclude>
    <ClInclude Include="Source\Framework\Graphics\GraphicsDevice.h">
      <Filter>Source\Framework\Graphics</Filter>
    </ClInclude>
    <ClInclude Include="Source\Framework\Graphics\Camera\Camera.h">
      <Filter>Source\Framework\Graphics\Camera</Filter>
    </ClInclude>
    <ClInclude Include="Source\Application\Actors\Human.h">
      <Filter>Source\Application\Actors</Filter>
    </ClInclude>
    <ClInclude Include="Source\Application\Application.h">
      <Filter>Source\Application</Filter>
    </ClInclude>
    <ClInclude Include="Source\Framework\Graphics\Effect\EffekseerDevice.h">
      <Filter>Source\Framework\Graphics\Effect</Filter>
    </ClInclude>
    <ClInclude Include="Source\Framework\Graphics\Effect\EffekseerEffect.h">
      <Filter>Source\Framework\Graphics\Effect</Filter>
    </ClInclude>
    <ClInclude Include="Source\Framework\Graphics\Effect\EffekseerDeviceChild.h">
      <Filter>Source\Framework\Graphics\Effect</Filter>
    </ClInclude>
    <ClInclude Include="..\Library\Effekseer\include\Effekseer.h">
      <Filter>Library\Effekseer</Filter>
    </ClInclude>
    <ClInclude Include="..\Library\Effekseer\include\Effekseer.Internal.h">
      <Filter>Library\Effekseer</Filter>
    </ClInclude>
    <ClInclude Include="..\Library\Effekseer\include\EffekseerRendererDX11.h">
      <Filter>Library\Effekseer</Filter>
    </ClInclude>
    <ClInclude Include="Source\Application\Camera\CameraSystem.h">
      <Filter>Source\Application\Camera</Filter>
    </ClInclude>
    <ClInclude Include="..\Library\imGui\imgui_glyph_ranges_jp.h">
      <Filter>Library\imGui</Filter>
    </ClInclude>
    <ClInclude Include="Source\Framework\Utility\ResourceFactory.h">
      <Filter>Source\Framework\Utility</Filter>
    </ClInclude>
    <ClInclude Include="Source\Framework\Input\BasicInput\BasicInput.h">
      <Filter>Source\Framework\Input\BasicInput</Filter>
    </ClInclude>
    <ClInclude Include="Source\Framework\Physics\Collision.h">
      <Filter>Source\Framework\Physics</Filter>
    </ClInclude>
    <ClInclude Include="Source\Framework\Shader\Shadow\ShadowMapShader.h">
      <Filter>Source\Framework\Shader\Shadow</Filter>
    </ClInclude>
    <ClInclude Include="Source\Application\Camera\EditorCamera.h">
      <Filter>Source\Application\Camera</Filter>
    </ClInclude>
    <ClInclude Include="Source\Framework\Graphics\RenderTarget.h">
      <Filter>Source\Framework\Graphics</Filter>
    </ClInclude>
    <ClInclude Include="Source\Framework\Input\DirectInput\DirectInputDevice.h">
      <Filter>Source\Framework\Input\DirectInput</Filter>
    </ClInclude>
    <ClInclude Include="Source\Framework\Physics\SpatialPartitioning.h">
      <Filter>Source\Framework\Physics</Filter>
    </ClInclude>
    <ClInclude Include="..\Library\json11KdCustom\json11.hpp">
      <Filter>Library\json11KdCustom</Filter>
    </ClInclude>
    <ClInclude Include="Source\Application\Actors\Process\TitleProcess.h">
      <Filter>Source\Application\Actors\Process</Filter>
    </ClInclude>
    <ClInclude Include="Source\Application\Actors\Process\GameProcess.h">
      <Filter>Source\Application\Actors\Process</Filter>
    </ClInclude>
    <ClInclude Include="Source\Application\Actors\Weapon\Tank.h">
      <Filter>Source\Application\Actors\Weapon</Filter>
    </ClInclude>
    <ClInclude Include="Source\Application\Actors\Weapon\TankBullet.h">
      <Filter>Source\Application\Actors\Weapon</Filter>
    </ClInclude>
    <ClInclude Include="Source\Application\Actors\Weapon\TankParts.h">
      <Filter>Source\Application\Actors\Weapon</Filter>
    </ClInclude>
    <ClInclude Include="Source\Application\Actors\Environment\Sky.h">
      <Filter>Source\Application\Actors\Environment</Filter>
    </ClInclude>
    <ClInclude Include="Source\Application\Actors\Environment\StageMap.h">
      <Filter>Source\Application\Actors\Environment</Filter>
    </ClInclude>
    <ClInclude Include="Source\Application\Actors\Environment\Tree.h">
      <Filter>Source\Application\Actors\Environment</Filter>
    </ClInclude>
    <ClInclude Include="Source\Framework\HighLevel\Actor.h">
      <Filter>Source\Framework\HighLevel</Filter>
    </ClInclude>
    <ClInclude Include="Source\Framework\HighLevel\Transform.h">
      <Filter>Source\Framework\HighLevel</Filter>
    </ClInclude>
    <ClInclude Include="Source\Framework\Graphics\CubeMapGenerator.h">
      <Filter>Source\Framework\Graphics</Filter>
    </ClInclude>
  </ItemGroup>
  <ItemGroup>
    <None Include="Source\Framework\Shader\ConstantBuffer.hlsli">
      <Filter>Source\Framework\Shader</Filter>
    </None>
    <None Include="Source\Framework\Shader\Sprite\SpriteShader.hlsli">
      <Filter>Source\Framework\Shader\Sprite</Filter>
    </None>
    <None Include="Source\Framework\Shader\Model\ModelShader.hlsli">
      <Filter>Source\Framework\Shader\Model</Filter>
    </None>
    <None Include="Source\Framework\Shader\Effect\EffectShader.hlsli">
      <Filter>Source\Framework\Shader\Effect</Filter>
    </None>
    <None Include="Source\Framework\Shader\Shadow\ShadowMapShader.hlsli">
      <Filter>Source\Framework\Shader\Shadow</Filter>
    </None>
    <None Include="Resource\Jsons\TitleProcess.json">
      <Filter>Jsons</Filter>
    </None>
    <None Include="Resource\Jsons\GameProcess.json">
      <Filter>Jsons</Filter>
    </None>
  </ItemGroup>
  <ItemGroup>
    <FxCompile Include="Source\Framework\Shader\Sprite\SpriteShader_PS.hlsl">
      <Filter>Source\Framework\Shader\Sprite</Filter>
    </FxCompile>
    <FxCompile Include="Source\Framework\Shader\Sprite\SpriteShader_VS.hlsl">
      <Filter>Source\Framework\Shader\Sprite</Filter>
    </FxCompile>
    <FxCompile Include="Source\Framework\Shader\Model\ModelShader_VS.hlsl">
      <Filter>Source\Framework\Shader\Model</Filter>
    </FxCompile>
    <FxCompile Include="Source\Framework\Shader\Model\ModelShader_PS.hlsl">
      <Filter>Source\Framework\Shader\Model</Filter>
    </FxCompile>
    <FxCompile Include="Source\Framework\Shader\Effect\EffectShader_PS.hlsl">
      <Filter>Source\Framework\Shader\Effect</Filter>
    </FxCompile>
    <FxCompile Include="Source\Framework\Shader\Effect\EffectShader_VS.hlsl">
      <Filter>Source\Framework\Shader\Effect</Filter>
    </FxCompile>
    <FxCompile Include="Source\Framework\Shader\Shadow\ShadowMapShader_PS.hlsl">
      <Filter>Source\Framework\Shader\Shadow</Filter>
    </FxCompile>
    <FxCompile Include="Source\Framework\Shader\Shadow\ShadowMapShader_VS.hlsl">
      <Filter>Source\Framework\Shader\Shadow</Filter>
    </FxCompile>
  </ItemGroup>
</Project>